schema: '2.0'
stages:
  data_ingestion:
    cmd: python src/data_ingestion.py
    deps:
    - path: src/data_ingestion.py
      hash: md5
      md5: 963dd6f6d9d47c29091d206db81368f5
      size: 4188
    params:
      params.yaml:
        data_ingestion.test_size: 0.1
    outs:
    - path: data/raw
      hash: md5
      md5: 9097e041a34df9054caed15688df1464.dir
      size: 484846
      nfiles: 2
  data_preprocessing:
    cmd: python src/data_preprocessing.py
    deps:
    - path: data/raw
      hash: md5
      md5: 9097e041a34df9054caed15688df1464.dir
      size: 484846
      nfiles: 2
    - path: src/data_preprocessing.py
      hash: md5
      md5: 4f2275a5eca0735b65b27f2be389ea70
      size: 4001
    outs:
    - path: data/interim
      hash: md5
      md5: 372e18bfa771372d41b683bc64b32377.dir
      size: 257605
      nfiles: 2
  feature_engineering:
    cmd: python src/feature_engineering.py
    deps:
    - path: data/interim
      hash: md5
      md5: 372e18bfa771372d41b683bc64b32377.dir
      size: 257605
      nfiles: 2
    - path: src/feature_engineering.py
      hash: md5
      md5: d72f86508ccd48d6e262ca935435a8ee
      size: 3962
    params:
      params.yaml:
        feature_engineering.max_features: 20
    outs:
    - path: data/processed
      hash: md5
      md5: b945e2868a830792cc32d4d705217eef.dir
      size: 481165
      nfiles: 2
  model_building:
    cmd: python src/model_building.py
    deps:
    - path: data/processed
      hash: md5
      md5: b945e2868a830792cc32d4d705217eef.dir
      size: 481165
      nfiles: 2
    - path: src/model_building.py
      hash: md5
      md5: ed181ab5903091aa1da5e90d3c6be86c
      size: 4857
    params:
      params.yaml:
        model_building.n_estimators: 22
        model_building.random_state: 2
    outs:
    - path: models/model.pkl
      hash: md5
      md5: 20f0ba21aa524289919724bd3a1101e8
      size: 828
  model_evaluation:
    cmd: python src/model_eval.py
    deps:
    - path: models/model.pkl
      hash: md5
      md5: 20f0ba21aa524289919724bd3a1101e8
      size: 828
    - path: src/model_eval.py
      hash: md5
      md5: e5af90330e3ca7162c771764e6f508e9
      size: 4753
    outs:
    - path: reports/metrics.json
      hash: md5
      md5: 5eafa97c6db16ef1af33d20b3e383a51
      size: 144
